
Microsoft Visual Studio Solution File, Format Version 12.00
# Visual Studio Version 17
VisualStudioVersion = 17.9.34607.119
MinimumVisualStudioVersion = 10.0.40219.1
Project("{FAE04EC0-301F-11D3-BF4B-00C04F79EFBC}") = "#1", "#1\#1.csproj", "{981EB6DE-8F64-4BBB-9445-4002971E7CCC}"
EndProject
Global
	GlobalSection(SolutionConfigurationPlatforms) = preSolution
		Debug|Any CPU = Debug|Any CPU
		Release|Any CPU = Release|Any CPU
	EndGlobalSection
	GlobalSection(ProjectConfigurationPlatforms) = postSolution
		{981EB6DE-8F64-4BBB-9445-4002971E7CCC}.Debug|Any CPU.ActiveCfg = Debug|Any CPU
		{981EB6DE-8F64-4BBB-9445-4002971E7CCC}.Debug|Any CPU.Build.0 = Debug|Any CPU
		{981EB6DE-8F64-4BBB-9445-4002971E7CCC}.Release|Any CPU.ActiveCfg = Release|Any CPU
		{981EB6DE-8F64-4BBB-9445-4002971E7CCC}.Release|Any CPU.Build.0 = Release|Any CPU
	EndGlobalSection
	GlobalSection(SolutionProperties) = preSolution
		HideSolutionNode = FALSE
	EndGlobalSection
	GlobalSection(ExtensibilityGlobals) = postSolution
		SolutionGuid = {35AD8F09-E070-41C0-B692-6A0F473D493B}
	EndGlobalSection
EndGlobal
